
Microsoft Visual Studio Solution File, Format Version 12.00
# Visual Studio 15
VisualStudioVersion = 15.0.27703.2042
MinimumVisualStudioVersion = 10.0.40219.1
Project("{8BC9CEB8-8B4A-11D0-8D11-00A0C91BC942}") = "C++ Chapter7", "C++ Chapter7\C++ Chapter7.vcxproj", "{980F97BB-284E-4249-8CD5-599E01D662AC}"
EndProject
Global
	GlobalSection(SolutionConfigurationPlatforms) = preSolution
		Debug|x64 = Debug|x64
		Debug|x86 = Debug|x86
		Release|x64 = Release|x64
		Release|x86 = Release|x86
	EndGlobalSection
	GlobalSection(ProjectConfigurationPlatforms) = postSolution
		{980F97BB-284E-4249-8CD5-599E01D662AC}.Debug|x64.ActiveCfg = Debug|x64
		{980F97BB-284E-4249-8CD5-599E01D662AC}.Debug|x64.Build.0 = Debug|x64
		{980F97BB-284E-4249-8CD5-599E01D662AC}.Debug|x86.ActiveCfg = Debug|Win32
		{980F97BB-284E-4249-8CD5-599E01D662AC}.Debug|x86.Build.0 = Debug|Win32
		{980F97BB-284E-4249-8CD5-599E01D662AC}.Release|x64.ActiveCfg = Release|x64
		{980F97BB-284E-4249-8CD5-599E01D662AC}.Release|x64.Build.0 = Release|x64
		{980F97BB-284E-4249-8CD5-599E01D662AC}.Release|x86.ActiveCfg = Release|Win32
		{980F97BB-284E-4249-8CD5-599E01D662AC}.Release|x86.Build.0 = Release|Win32
	EndGlobalSection
	GlobalSection(SolutionProperties) = preSolution
		HideSolutionNode = FALSE
	EndGlobalSection
	GlobalSection(ExtensibilityGlobals) = postSolution
		SolutionGuid = {DE15B55F-170E-41FF-8B9F-8D738AADCB91}
	EndGlobalSection
EndGlobal
